
Microsoft Visual Studio Solution File, Format Version 12.00
# Visual Studio Version 17
VisualStudioVersion = 17.1.32328.378
MinimumVisualStudioVersion = 10.0.40219.1
Project("{FAE04EC0-301F-11D3-BF4B-00C04F79EFBC}") = "ApiDemo", "ApiDemo\ApiDemo.csproj", "{1265EA3F-27D1-4242-8E64-DA83A2DEB5FF}"
EndProject
Global
	GlobalSection(SolutionConfigurationPlatforms) = preSolution
		Debug|Any CPU = Debug|Any CPU
		Release|Any CPU = Release|Any CPU
	EndGlobalSection
	GlobalSection(ProjectConfigurationPlatforms) = postSolution
		{1265EA3F-27D1-4242-8E64-DA83A2DEB5FF}.Debug|Any CPU.ActiveCfg = Debug|Any CPU
		{1265EA3F-27D1-4242-8E64-DA83A2DEB5FF}.Debug|Any CPU.Build.0 = Debug|Any CPU
		{1265EA3F-27D1-4242-8E64-DA83A2DEB5FF}.Release|Any CPU.ActiveCfg = Release|Any CPU
		{1265EA3F-27D1-4242-8E64-DA83A2DEB5FF}.Release|Any CPU.Build.0 = Release|Any CPU
	EndGlobalSection
	GlobalSection(SolutionProperties) = preSolution
		HideSolutionNode = FALSE
	EndGlobalSection
	GlobalSection(ExtensibilityGlobals) = postSolution
		SolutionGuid = {650BD3C2-49B1-4EDB-BFCE-F995E88D7FD1}
	EndGlobalSection
EndGlobal
